// !$*UTF8*$!
{
	archiveVersion = 1;
	classes = {
	};
	objectVersion = 50;
	objects = {

/* Begin PBXBuildFile section */
		EE14E01923ECFB3A003E9567 /* GFButton.swift in Sources */ = {isa = PBXBuildFile; fileRef = EE14E01823ECFB3A003E9567 /* GFButton.swift */; };
		EE14E01B23ECFE15003E9567 /* GFTextField.swift in Sources */ = {isa = PBXBuildFile; fileRef = EE14E01A23ECFE15003E9567 /* GFTextField.swift */; };
		EE14E01D23ED0AE0003E9567 /* FollowerListViewController.swift in Sources */ = {isa = PBXBuildFile; fileRef = EE14E01C23ED0AE0003E9567 /* FollowerListViewController.swift */; };
		EE467B8D23EA80BD007C9FE2 /* AppDelegate.swift in Sources */ = {isa = PBXBuildFile; fileRef = EE467B8C23EA80BD007C9FE2 /* AppDelegate.swift */; };
		EE467B8F23EA80BD007C9FE2 /* SceneDelegate.swift in Sources */ = {isa = PBXBuildFile; fileRef = EE467B8E23EA80BD007C9FE2 /* SceneDelegate.swift */; };
		EE467B9623EA80C0007C9FE2 /* Assets.xcassets in Resources */ = {isa = PBXBuildFile; fileRef = EE467B9523EA80C0007C9FE2 /* Assets.xcassets */; };
		EE467B9923EA80C0007C9FE2 /* LaunchScreen.storyboard in Resources */ = {isa = PBXBuildFile; fileRef = EE467B9723EA80C0007C9FE2 /* LaunchScreen.storyboard */; };
		EE467BA123EA8726007C9FE2 /* SearchViewController.swift in Sources */ = {isa = PBXBuildFile; fileRef = EE467BA023EA8726007C9FE2 /* SearchViewController.swift */; };
		EE467BA323EA877C007C9FE2 /* FaveListViewController.swift in Sources */ = {isa = PBXBuildFile; fileRef = EE467BA223EA877C007C9FE2 /* FaveListViewController.swift */; };
		EE4E7D8823FE4B9C00C2155E /* Follower.swift in Sources */ = {isa = PBXBuildFile; fileRef = EE4E7D8723FE4B9C00C2155E /* Follower.swift */; };
		EE4E7D8A23FE4C6800C2155E /* User.swift in Sources */ = {isa = PBXBuildFile; fileRef = EE4E7D8923FE4C6800C2155E /* User.swift */; };
		EE705C2E23F0E32A00C20DE6 /* GFTitleLabel.swift in Sources */ = {isa = PBXBuildFile; fileRef = EE705C2D23F0E32A00C20DE6 /* GFTitleLabel.swift */; };
		EE705C3023F0E49100C20DE6 /* GFBodyLabel.swift in Sources */ = {isa = PBXBuildFile; fileRef = EE705C2F23F0E49100C20DE6 /* GFBodyLabel.swift */; };
		EE705C3223F0E56A00C20DE6 /* GFAlertViewController.swift in Sources */ = {isa = PBXBuildFile; fileRef = EE705C3123F0E56A00C20DE6 /* GFAlertViewController.swift */; };
		EE7BA65A25606B47005126D2 /* GFItemInfoView.swift in Sources */ = {isa = PBXBuildFile; fileRef = EE7BA65925606B47005126D2 /* GFItemInfoView.swift */; };
		EE923CA12563262700A27510 /* DateExt.swift in Sources */ = {isa = PBXBuildFile; fileRef = EE923CA02563262700A27510 /* DateExt.swift */; };
		EE923CA42563264400A27510 /* StringExt.swift in Sources */ = {isa = PBXBuildFile; fileRef = EE923CA32563264400A27510 /* StringExt.swift */; };
		EE96043C255F36C7001CE3F0 /* GFUserInfoHeaderVC.swift in Sources */ = {isa = PBXBuildFile; fileRef = EE96043B255F36C7001CE3F0 /* GFUserInfoHeaderVC.swift */; };
		EE96043F255F372D001CE3F0 /* GFSecondaryTitleLabel.swift in Sources */ = {isa = PBXBuildFile; fileRef = EE96043E255F372D001CE3F0 /* GFSecondaryTitleLabel.swift */; };
		EE960442255F3D5E001CE3F0 /* Constants.swift in Sources */ = {isa = PBXBuildFile; fileRef = EE960441255F3D5E001CE3F0 /* Constants.swift */; };
		EEB01AA3241D5F7200C47A46 /* UIViewControllerExt.swift in Sources */ = {isa = PBXBuildFile; fileRef = EEB01AA2241D5F7200C47A46 /* UIViewControllerExt.swift */; };
		EEB01AAB241D945600C47A46 /* GFEmptyStateView.swift in Sources */ = {isa = PBXBuildFile; fileRef = EEB01AAA241D945600C47A46 /* GFEmptyStateView.swift */; };
		EED695A3240C9F2D00220B1A /* UIHelper.swift in Sources */ = {isa = PBXBuildFile; fileRef = EED695A2240C9F2D00220B1A /* UIHelper.swift */; };
		EEDBAC7224048C4A00390A5C /* NetworkManager.swift in Sources */ = {isa = PBXBuildFile; fileRef = EEDBAC7124048C4A00390A5C /* NetworkManager.swift */; };
		EEDBAC7724049A4500390A5C /* GFError.swift in Sources */ = {isa = PBXBuildFile; fileRef = EEDBAC7624049A4500390A5C /* GFError.swift */; };
		EEDBAC7B2404C26C00390A5C /* FollowerCell.swift in Sources */ = {isa = PBXBuildFile; fileRef = EEDBAC7A2404C26C00390A5C /* FollowerCell.swift */; };
		EEDBAC7D2404C2F000390A5C /* GFAvatarImageView.swift in Sources */ = {isa = PBXBuildFile; fileRef = EEDBAC7C2404C2F000390A5C /* GFAvatarImageView.swift */; };
		EEEA218C24381BDB00C33F26 /* UserInfoVC.swift in Sources */ = {isa = PBXBuildFile; fileRef = EEEA218B24381BDB00C33F26 /* UserInfoVC.swift */; };
		EEEFFAC82561E6E300605910 /* GFItemInfoVC.swift in Sources */ = {isa = PBXBuildFile; fileRef = EEEFFAC72561E6E300605910 /* GFItemInfoVC.swift */; };
		EEEFFACB2561E98200605910 /* GFRepoItemVC.swift in Sources */ = {isa = PBXBuildFile; fileRef = EEEFFACA2561E98200605910 /* GFRepoItemVC.swift */; };
		EEEFFACE2561EBC600605910 /* GFFollowerItemVC.swift in Sources */ = {isa = PBXBuildFile; fileRef = EEEFFACD2561EBC600605910 /* GFFollowerItemVC.swift */; };
/* End PBXBuildFile section */

/* Begin PBXFileReference section */
		EE14E01823ECFB3A003E9567 /* GFButton.swift */ = {isa = PBXFileReference; lastKnownFileType = sourcecode.swift; path = GFButton.swift; sourceTree = "<group>"; };
		EE14E01A23ECFE15003E9567 /* GFTextField.swift */ = {isa = PBXFileReference; lastKnownFileType = sourcecode.swift; path = GFTextField.swift; sourceTree = "<group>"; };
		EE14E01C23ED0AE0003E9567 /* FollowerListViewController.swift */ = {isa = PBXFileReference; lastKnownFileType = sourcecode.swift; path = FollowerListViewController.swift; sourceTree = "<group>"; };
		EE467B8923EA80BD007C9FE2 /* GHFollowers.app */ = {isa = PBXFileReference; explicitFileType = wrapper.application; includeInIndex = 0; path = GHFollowers.app; sourceTree = BUILT_PRODUCTS_DIR; };
		EE467B8C23EA80BD007C9FE2 /* AppDelegate.swift */ = {isa = PBXFileReference; lastKnownFileType = sourcecode.swift; path = AppDelegate.swift; sourceTree = "<group>"; };
		EE467B8E23EA80BD007C9FE2 /* SceneDelegate.swift */ = {isa = PBXFileReference; lastKnownFileType = sourcecode.swift; path = SceneDelegate.swift; sourceTree = "<group>"; };
		EE467B9523EA80C0007C9FE2 /* Assets.xcassets */ = {isa = PBXFileReference; lastKnownFileType = folder.assetcatalog; path = Assets.xcassets; sourceTree = "<group>"; };
		EE467B9823EA80C0007C9FE2 /* Base */ = {isa = PBXFileReference; lastKnownFileType = file.storyboard; name = Base; path = Base.lproj/LaunchScreen.storyboard; sourceTree = "<group>"; };
		EE467B9A23EA80C0007C9FE2 /* Info.plist */ = {isa = PBXFileReference; lastKnownFileType = text.plist.xml; path = Info.plist; sourceTree = "<group>"; };
		EE467BA023EA8726007C9FE2 /* SearchViewController.swift */ = {isa = PBXFileReference; lastKnownFileType = sourcecode.swift; path = SearchViewController.swift; sourceTree = "<group>"; };
		EE467BA223EA877C007C9FE2 /* FaveListViewController.swift */ = {isa = PBXFileReference; lastKnownFileType = sourcecode.swift; path = FaveListViewController.swift; sourceTree = "<group>"; };
		EE4E7D8723FE4B9C00C2155E /* Follower.swift */ = {isa = PBXFileReference; lastKnownFileType = sourcecode.swift; path = Follower.swift; sourceTree = "<group>"; };
		EE4E7D8923FE4C6800C2155E /* User.swift */ = {isa = PBXFileReference; lastKnownFileType = sourcecode.swift; path = User.swift; sourceTree = "<group>"; };
		EE705C2D23F0E32A00C20DE6 /* GFTitleLabel.swift */ = {isa = PBXFileReference; lastKnownFileType = sourcecode.swift; path = GFTitleLabel.swift; sourceTree = "<group>"; };
		EE705C2F23F0E49100C20DE6 /* GFBodyLabel.swift */ = {isa = PBXFileReference; lastKnownFileType = sourcecode.swift; path = GFBodyLabel.swift; sourceTree = "<group>"; };
		EE705C3123F0E56A00C20DE6 /* GFAlertViewController.swift */ = {isa = PBXFileReference; lastKnownFileType = sourcecode.swift; path = GFAlertViewController.swift; sourceTree = "<group>"; };
		EE7BA65925606B47005126D2 /* GFItemInfoView.swift */ = {isa = PBXFileReference; lastKnownFileType = sourcecode.swift; path = GFItemInfoView.swift; sourceTree = "<group>"; };
		EE923CA02563262700A27510 /* DateExt.swift */ = {isa = PBXFileReference; lastKnownFileType = sourcecode.swift; path = DateExt.swift; sourceTree = "<group>"; };
		EE923CA32563264400A27510 /* StringExt.swift */ = {isa = PBXFileReference; lastKnownFileType = sourcecode.swift; path = StringExt.swift; sourceTree = "<group>"; };
		EE96043B255F36C7001CE3F0 /* GFUserInfoHeaderVC.swift */ = {isa = PBXFileReference; lastKnownFileType = sourcecode.swift; path = GFUserInfoHeaderVC.swift; sourceTree = "<group>"; };
		EE96043E255F372D001CE3F0 /* GFSecondaryTitleLabel.swift */ = {isa = PBXFileReference; lastKnownFileType = sourcecode.swift; path = GFSecondaryTitleLabel.swift; sourceTree = "<group>"; };
		EE960441255F3D5E001CE3F0 /* Constants.swift */ = {isa = PBXFileReference; lastKnownFileType = sourcecode.swift; path = Constants.swift; sourceTree = "<group>"; };
		EEB01AA2241D5F7200C47A46 /* UIViewControllerExt.swift */ = {isa = PBXFileReference; lastKnownFileType = sourcecode.swift; path = UIViewControllerExt.swift; sourceTree = "<group>"; };
		EEB01AAA241D945600C47A46 /* GFEmptyStateView.swift */ = {isa = PBXFileReference; lastKnownFileType = sourcecode.swift; path = GFEmptyStateView.swift; sourceTree = "<group>"; };
		EED695A2240C9F2D00220B1A /* UIHelper.swift */ = {isa = PBXFileReference; lastKnownFileType = sourcecode.swift; path = UIHelper.swift; sourceTree = "<group>"; };
		EEDBAC7124048C4A00390A5C /* NetworkManager.swift */ = {isa = PBXFileReference; lastKnownFileType = sourcecode.swift; path = NetworkManager.swift; sourceTree = "<group>"; };
		EEDBAC7624049A4500390A5C /* GFError.swift */ = {isa = PBXFileReference; lastKnownFileType = sourcecode.swift; path = GFError.swift; sourceTree = "<group>"; };
		EEDBAC7A2404C26C00390A5C /* FollowerCell.swift */ = {isa = PBXFileReference; lastKnownFileType = sourcecode.swift; path = FollowerCell.swift; sourceTree = "<group>"; };
		EEDBAC7C2404C2F000390A5C /* GFAvatarImageView.swift */ = {isa = PBXFileReference; lastKnownFileType = sourcecode.swift; path = GFAvatarImageView.swift; sourceTree = "<group>"; };
		EEEA218B24381BDB00C33F26 /* UserInfoVC.swift */ = {isa = PBXFileReference; lastKnownFileType = sourcecode.swift; path = UserInfoVC.swift; sourceTree = "<group>"; };
		EEEFFAC72561E6E300605910 /* GFItemInfoVC.swift */ = {isa = PBXFileReference; lastKnownFileType = sourcecode.swift; path = GFItemInfoVC.swift; sourceTree = "<group>"; };
		EEEFFACA2561E98200605910 /* GFRepoItemVC.swift */ = {isa = PBXFileReference; lastKnownFileType = sourcecode.swift; path = GFRepoItemVC.swift; sourceTree = "<group>"; };
		EEEFFACD2561EBC600605910 /* GFFollowerItemVC.swift */ = {isa = PBXFileReference; lastKnownFileType = sourcecode.swift; path = GFFollowerItemVC.swift; sourceTree = "<group>"; };
/* End PBXFileReference section */

/* Begin PBXFrameworksBuildPhase section */
		EE467B8623EA80BD007C9FE2 /* Frameworks */ = {
			isa = PBXFrameworksBuildPhase;
			buildActionMask = 2147483647;
			files = (
			);
			runOnlyForDeploymentPostprocessing = 0;
		};
/* End PBXFrameworksBuildPhase section */

/* Begin PBXGroup section */
		EE467B8023EA80BD007C9FE2 = {
			isa = PBXGroup;
			children = (
				EE467B8B23EA80BD007C9FE2 /* GHFollowers */,
				EE467B8A23EA80BD007C9FE2 /* Products */,
			);
			indentWidth = 4;
			sourceTree = "<group>";
			tabWidth = 4;
		};
		EE467B8A23EA80BD007C9FE2 /* Products */ = {
			isa = PBXGroup;
			children = (
				EE467B8923EA80BD007C9FE2 /* GHFollowers.app */,
			);
			name = Products;
			sourceTree = "<group>";
		};
		EE467B8B23EA80BD007C9FE2 /* GHFollowers */ = {
			isa = PBXGroup;
			children = (
				EEDBAC73240495EA00390A5C /* Utilities */,
				EEDBAC7024048C2D00390A5C /* Managers */,
				EE4E7D8623FE4B7D00C2155E /* Models */,
				EEB01AA1241D5F4700C47A46 /* Extensions */,
				EE705C3423F11E9200C20DE6 /* Support */,
				EE705C2923F0E29900C20DE6 /* Screens */,
				EE705C2A23F0E2A500C20DE6 /* Custom Views */,
			);
			path = GHFollowers;
			sourceTree = "<group>";
		};
		EE4E7D8623FE4B7D00C2155E /* Models */ = {
			isa = PBXGroup;
			children = (
				EE4E7D8723FE4B9C00C2155E /* Follower.swift */,
				EE4E7D8923FE4C6800C2155E /* User.swift */,
			);
			path = Models;
			sourceTree = "<group>";
		};
		EE705C2923F0E29900C20DE6 /* Screens */ = {
			isa = PBXGroup;
			children = (
				EE467BA023EA8726007C9FE2 /* SearchViewController.swift */,
				EE14E01C23ED0AE0003E9567 /* FollowerListViewController.swift */,
				EE467BA223EA877C007C9FE2 /* FaveListViewController.swift */,
				EEEA218B24381BDB00C33F26 /* UserInfoVC.swift */,
			);
			path = Screens;
			sourceTree = "<group>";
		};
		EE705C2A23F0E2A500C20DE6 /* Custom Views */ = {
			isa = PBXGroup;
			children = (
				EE7BA65825606B36005126D2 /* Views */,
				EEB01AA9241D93D500C47A46 /* Labels */,
				EEB01AA8241D93C900C47A46 /* ViewControllers */,
				EEB01AA7241D93C100C47A46 /* ImageViews */,
				EEB01AA6241D93B900C47A46 /* TextFields */,
				EEB01AA5241D93B200C47A46 /* Buttons */,
				EEDBAC792404C20200390A5C /* Cells */,
			);
			path = "Custom Views";
			sourceTree = "<group>";
		};
		EE705C3423F11E9200C20DE6 /* Support */ = {
			isa = PBXGroup;
			children = (
				EE467B8C23EA80BD007C9FE2 /* AppDelegate.swift */,
				EE467B8E23EA80BD007C9FE2 /* SceneDelegate.swift */,
				EE467B9523EA80C0007C9FE2 /* Assets.xcassets */,
				EE467B9723EA80C0007C9FE2 /* LaunchScreen.storyboard */,
				EE467B9A23EA80C0007C9FE2 /* Info.plist */,
			);
			path = Support;
			sourceTree = "<group>";
		};
		EE7BA65825606B36005126D2 /* Views */ = {
			isa = PBXGroup;
			children = (
				EE7BA65925606B47005126D2 /* GFItemInfoView.swift */,
			);
			path = Views;
			sourceTree = "<group>";
		};
		EEB01AA1241D5F4700C47A46 /* Extensions */ = {
			isa = PBXGroup;
			children = (
				EEB01AA2241D5F7200C47A46 /* UIViewControllerExt.swift */,
				EE923CA02563262700A27510 /* DateExt.swift */,
				EE923CA32563264400A27510 /* StringExt.swift */,
			);
			path = Extensions;
			sourceTree = "<group>";
		};
		EEB01AA5241D93B200C47A46 /* Buttons */ = {
			isa = PBXGroup;
			children = (
				EE14E01823ECFB3A003E9567 /* GFButton.swift */,
			);
			path = Buttons;
			sourceTree = "<group>";
		};
		EEB01AA6241D93B900C47A46 /* TextFields */ = {
			isa = PBXGroup;
			children = (
				EE14E01A23ECFE15003E9567 /* GFTextField.swift */,
			);
			path = TextFields;
			sourceTree = "<group>";
		};
		EEB01AA7241D93C100C47A46 /* ImageViews */ = {
			isa = PBXGroup;
			children = (
				EEDBAC7C2404C2F000390A5C /* GFAvatarImageView.swift */,
			);
			path = ImageViews;
			sourceTree = "<group>";
		};
		EEB01AA8241D93C900C47A46 /* ViewControllers */ = {
			isa = PBXGroup;
			children = (
				EE705C3123F0E56A00C20DE6 /* GFAlertViewController.swift */,
				EEB01AAA241D945600C47A46 /* GFEmptyStateView.swift */,
				EE96043B255F36C7001CE3F0 /* GFUserInfoHeaderVC.swift */,
				EEEFFAD02561EC2A00605910 /* ItemInfoVCs */,
			);
			path = ViewControllers;
			sourceTree = "<group>";
		};
		EEB01AA9241D93D500C47A46 /* Labels */ = {
			isa = PBXGroup;
			children = (
				EE705C2D23F0E32A00C20DE6 /* GFTitleLabel.swift */,
				EE705C2F23F0E49100C20DE6 /* GFBodyLabel.swift */,
				EE96043E255F372D001CE3F0 /* GFSecondaryTitleLabel.swift */,
			);
			path = Labels;
			sourceTree = "<group>";
		};
		EEDBAC7024048C2D00390A5C /* Managers */ = {
			isa = PBXGroup;
			children = (
				EEDBAC7124048C4A00390A5C /* NetworkManager.swift */,
			);
			path = Managers;
			sourceTree = "<group>";
		};
		EEDBAC73240495EA00390A5C /* Utilities */ = {
			isa = PBXGroup;
			children = (
				EEDBAC7624049A4500390A5C /* GFError.swift */,
				EED695A2240C9F2D00220B1A /* UIHelper.swift */,
				EE960441255F3D5E001CE3F0 /* Constants.swift */,
			);
			path = Utilities;
			sourceTree = "<group>";
		};
		EEDBAC792404C20200390A5C /* Cells */ = {
			isa = PBXGroup;
			children = (
				EEDBAC7A2404C26C00390A5C /* FollowerCell.swift */,
			);
			path = Cells;
			sourceTree = "<group>";
		};
		EEEFFAD02561EC2A00605910 /* ItemInfoVCs */ = {
			isa = PBXGroup;
			children = (
				EEEFFAC72561E6E300605910 /* GFItemInfoVC.swift */,
				EEEFFACA2561E98200605910 /* GFRepoItemVC.swift */,
				EEEFFACD2561EBC600605910 /* GFFollowerItemVC.swift */,
			);
			path = ItemInfoVCs;
			sourceTree = "<group>";
		};
/* End PBXGroup section */

/* Begin PBXNativeTarget section */
		EE467B8823EA80BD007C9FE2 /* GHFollowers */ = {
			isa = PBXNativeTarget;
			buildConfigurationList = EE467B9D23EA80C0007C9FE2 /* Build configuration list for PBXNativeTarget "GHFollowers" */;
			buildPhases = (
				EE467B8523EA80BD007C9FE2 /* Sources */,
				EE467B8623EA80BD007C9FE2 /* Frameworks */,
				EE467B8723EA80BD007C9FE2 /* Resources */,
			);
			buildRules = (
			);
			dependencies = (
			);
			name = GHFollowers;
			productName = GHFollowers;
			productReference = EE467B8923EA80BD007C9FE2 /* GHFollowers.app */;
			productType = "com.apple.product-type.application";
		};
/* End PBXNativeTarget section */

/* Begin PBXProject section */
		EE467B8123EA80BD007C9FE2 /* Project object */ = {
			isa = PBXProject;
			attributes = {
				LastSwiftUpdateCheck = 1130;
				LastUpgradeCheck = 1210;
				ORGANIZATIONNAME = "Robert Parsons";
				TargetAttributes = {
					EE467B8823EA80BD007C9FE2 = {
						CreatedOnToolsVersion = 11.3.1;
					};
				};
			};
			buildConfigurationList = EE467B8423EA80BD007C9FE2 /* Build configuration list for PBXProject "GHFollowers" */;
			compatibilityVersion = "Xcode 9.3";
			developmentRegion = en;
			hasScannedForEncodings = 0;
			knownRegions = (
				en,
				Base,
			);
			mainGroup = EE467B8023EA80BD007C9FE2;
			productRefGroup = EE467B8A23EA80BD007C9FE2 /* Products */;
			projectDirPath = "";
			projectRoot = "";
			targets = (
				EE467B8823EA80BD007C9FE2 /* GHFollowers */,
			);
		};
/* End PBXProject section */

/* Begin PBXResourcesBuildPhase section */
		EE467B8723EA80BD007C9FE2 /* Resources */ = {
			isa = PBXResourcesBuildPhase;
			buildActionMask = 2147483647;
			files = (
				EE467B9923EA80C0007C9FE2 /* LaunchScreen.storyboard in Resources */,
				EE467B9623EA80C0007C9FE2 /* Assets.xcassets in Resources */,
			);
			runOnlyForDeploymentPostprocessing = 0;
		};
/* End PBXResourcesBuildPhase section */

/* Begin PBXSourcesBuildPhase section */
		EE467B8523EA80BD007C9FE2 /* Sources */ = {
			isa = PBXSourcesBuildPhase;
			buildActionMask = 2147483647;
			files = (
				EE705C3223F0E56A00C20DE6 /* GFAlertViewController.swift in Sources */,
				EE14E01B23ECFE15003E9567 /* GFTextField.swift in Sources */,
				EEB01AA3241D5F7200C47A46 /* UIViewControllerExt.swift in Sources */,
				EE467BA323EA877C007C9FE2 /* FaveListViewController.swift in Sources */,
				EEDBAC7224048C4A00390A5C /* NetworkManager.swift in Sources */,
				EE14E01923ECFB3A003E9567 /* GFButton.swift in Sources */,
				EEEFFAC82561E6E300605910 /* GFItemInfoVC.swift in Sources */,
				EE960442255F3D5E001CE3F0 /* Constants.swift in Sources */,
				EE14E01D23ED0AE0003E9567 /* FollowerListViewController.swift in Sources */,
				EE705C3023F0E49100C20DE6 /* GFBodyLabel.swift in Sources */,
				EE705C2E23F0E32A00C20DE6 /* GFTitleLabel.swift in Sources */,
				EEEFFACE2561EBC600605910 /* GFFollowerItemVC.swift in Sources */,
				EE7BA65A25606B47005126D2 /* GFItemInfoView.swift in Sources */,
				EE467BA123EA8726007C9FE2 /* SearchViewController.swift in Sources */,
				EEDBAC7B2404C26C00390A5C /* FollowerCell.swift in Sources */,
				EE96043C255F36C7001CE3F0 /* GFUserInfoHeaderVC.swift in Sources */,
				EEDBAC7724049A4500390A5C /* GFError.swift in Sources */,
				EE4E7D8A23FE4C6800C2155E /* User.swift in Sources */,
				EED695A3240C9F2D00220B1A /* UIHelper.swift in Sources */,
				EE96043F255F372D001CE3F0 /* GFSecondaryTitleLabel.swift in Sources */,
				EEB01AAB241D945600C47A46 /* GFEmptyStateView.swift in Sources */,
				EEDBAC7D2404C2F000390A5C /* GFAvatarImageView.swift in Sources */,
				EE4E7D8823FE4B9C00C2155E /* Follower.swift in Sources */,
				EE923CA12563262700A27510 /* DateExt.swift in Sources */,
				EE467B8D23EA80BD007C9FE2 /* AppDelegate.swift in Sources */,
				EE467B8F23EA80BD007C9FE2 /* SceneDelegate.swift in Sources */,
				EE923CA42563264400A27510 /* StringExt.swift in Sources */,
				EEEFFACB2561E98200605910 /* GFRepoItemVC.swift in Sources */,
				EEEA218C24381BDB00C33F26 /* UserInfoVC.swift in Sources */,
			);
			runOnlyForDeploymentPostprocessing = 0;
		};
/* End PBXSourcesBuildPhase section */

/* Begin PBXVariantGroup section */
		EE467B9723EA80C0007C9FE2 /* LaunchScreen.storyboard */ = {
			isa = PBXVariantGroup;
			children = (
				EE467B9823EA80C0007C9FE2 /* Base */,
			);
			name = LaunchScreen.storyboard;
			sourceTree = "<group>";
		};
/* End PBXVariantGroup section */

/* Begin XCBuildConfiguration section */
		EE467B9B23EA80C0007C9FE2 /* Debug */ = {
			isa = XCBuildConfiguration;
			buildSettings = {
				ALWAYS_SEARCH_USER_PATHS = NO;
				CLANG_ANALYZER_NONNULL = YES;
				CLANG_ANALYZER_NUMBER_OBJECT_CONVERSION = YES_AGGRESSIVE;
				CLANG_CXX_LANGUAGE_STANDARD = "gnu++14";
				CLANG_CXX_LIBRARY = "libc++";
				CLANG_ENABLE_MODULES = YES;
				CLANG_ENABLE_OBJC_ARC = YES;
				CLANG_ENABLE_OBJC_WEAK = YES;
				CLANG_WARN_BLOCK_CAPTURE_AUTORELEASING = YES;
				CLANG_WARN_BOOL_CONVERSION = YES;
				CLANG_WARN_COMMA = YES;
				CLANG_WARN_CONSTANT_CONVERSION = YES;
				CLANG_WARN_DEPRECATED_OBJC_IMPLEMENTATIONS = YES;
				CLANG_WARN_DIRECT_OBJC_ISA_USAGE = YES_ERROR;
				CLANG_WARN_DOCUMENTATION_COMMENTS = YES;
				CLANG_WARN_EMPTY_BODY = YES;
				CLANG_WARN_ENUM_CONVERSION = YES;
				CLANG_WARN_INFINITE_RECURSION = YES;
				CLANG_WARN_INT_CONVERSION = YES;
				CLANG_WARN_NON_LITERAL_NULL_CONVERSION = YES;
				CLANG_WARN_OBJC_IMPLICIT_RETAIN_SELF = YES;
				CLANG_WARN_OBJC_LITERAL_CONVERSION = YES;
				CLANG_WARN_OBJC_ROOT_CLASS = YES_ERROR;
				CLANG_WARN_QUOTED_INCLUDE_IN_FRAMEWORK_HEADER = YES;
				CLANG_WARN_RANGE_LOOP_ANALYSIS = YES;
				CLANG_WARN_STRICT_PROTOTYPES = YES;
				CLANG_WARN_SUSPICIOUS_MOVE = YES;
				CLANG_WARN_UNGUARDED_AVAILABILITY = YES_AGGRESSIVE;
				CLANG_WARN_UNREACHABLE_CODE = YES;
				CLANG_WARN__DUPLICATE_METHOD_MATCH = YES;
				COPY_PHASE_STRIP = NO;
				DEBUG_INFORMATION_FORMAT = dwarf;
				ENABLE_STRICT_OBJC_MSGSEND = YES;
				ENABLE_TESTABILITY = YES;
				GCC_C_LANGUAGE_STANDARD = gnu11;
				GCC_DYNAMIC_NO_PIC = NO;
				GCC_NO_COMMON_BLOCKS = YES;
				GCC_OPTIMIZATION_LEVEL = 0;
				GCC_PREPROCESSOR_DEFINITIONS = (
					"DEBUG=1",
					"$(inherited)",
				);
				GCC_WARN_64_TO_32_BIT_CONVERSION = YES;
				GCC_WARN_ABOUT_RETURN_TYPE = YES_ERROR;
				GCC_WARN_UNDECLARED_SELECTOR = YES;
				GCC_WARN_UNINITIALIZED_AUTOS = YES_AGGRESSIVE;
				GCC_WARN_UNUSED_FUNCTION = YES;
				GCC_WARN_UNUSED_VARIABLE = YES;
				IPHONEOS_DEPLOYMENT_TARGET = 14.1;
				MTL_ENABLE_DEBUG_INFO = INCLUDE_SOURCE;
				MTL_FAST_MATH = YES;
				ONLY_ACTIVE_ARCH = YES;
				SDKROOT = iphoneos;
				SWIFT_ACTIVE_COMPILATION_CONDITIONS = DEBUG;
				SWIFT_OPTIMIZATION_LEVEL = "-Onone";
			};
			name = Debug;
		};
		EE467B9C23EA80C0007C9FE2 /* Release */ = {
			isa = XCBuildConfiguration;
			buildSettings = {
				ALWAYS_SEARCH_USER_PATHS = NO;
				CLANG_ANALYZER_NONNULL = YES;
				CLANG_ANALYZER_NUMBER_OBJECT_CONVERSION = YES_AGGRESSIVE;
				CLANG_CXX_LANGUAGE_STANDARD = "gnu++14";
				CLANG_CXX_LIBRARY = "libc++";
				CLANG_ENABLE_MODULES = YES;
				CLANG_ENABLE_OBJC_ARC = YES;
				CLANG_ENABLE_OBJC_WEAK = YES;
				CLANG_WARN_BLOCK_CAPTURE_AUTORELEASING = YES;
				CLANG_WARN_BOOL_CONVERSION = YES;
				CLANG_WARN_COMMA = YES;
				CLANG_WARN_CONSTANT_CONVERSION = YES;
				CLANG_WARN_DEPRECATED_OBJC_IMPLEMENTATIONS = YES;
				CLANG_WARN_DIRECT_OBJC_ISA_USAGE = YES_ERROR;
				CLANG_WARN_DOCUMENTATION_COMMENTS = YES;
				CLANG_WARN_EMPTY_BODY = YES;
				CLANG_WARN_ENUM_CONVERSION = YES;
				CLANG_WARN_INFINITE_RECURSION = YES;
				CLANG_WARN_INT_CONVERSION = YES;
				CLANG_WARN_NON_LITERAL_NULL_CONVERSION = YES;
				CLANG_WARN_OBJC_IMPLICIT_RETAIN_SELF = YES;
				CLANG_WARN_OBJC_LITERAL_CONVERSION = YES;
				CLANG_WARN_OBJC_ROOT_CLASS = YES_ERROR;
				CLANG_WARN_QUOTED_INCLUDE_IN_FRAMEWORK_HEADER = YES;
				CLANG_WARN_RANGE_LOOP_ANALYSIS = YES;
				CLANG_WARN_STRICT_PROTOTYPES = YES;
				CLANG_WARN_SUSPICIOUS_MOVE = YES;
				CLANG_WARN_UNGUARDED_AVAILABILITY = YES_AGGRESSIVE;
				CLANG_WARN_UNREACHABLE_CODE = YES;
				CLANG_WARN__DUPLICATE_METHOD_MATCH = YES;
				COPY_PHASE_STRIP = NO;
				DEBUG_INFORMATION_FORMAT = "dwarf-with-dsym";
				ENABLE_NS_ASSERTIONS = NO;
				ENABLE_STRICT_OBJC_MSGSEND = YES;
				GCC_C_LANGUAGE_STANDARD = gnu11;
				GCC_NO_COMMON_BLOCKS = YES;
				GCC_WARN_64_TO_32_BIT_CONVERSION = YES;
				GCC_WARN_ABOUT_RETURN_TYPE = YES_ERROR;
				GCC_WARN_UNDECLARED_SELECTOR = YES;
				GCC_WARN_UNINITIALIZED_AUTOS = YES_AGGRESSIVE;
				GCC_WARN_UNUSED_FUNCTION = YES;
				GCC_WARN_UNUSED_VARIABLE = YES;
				IPHONEOS_DEPLOYMENT_TARGET = 14.1;
				MTL_ENABLE_DEBUG_INFO = NO;
				MTL_FAST_MATH = YES;
				SDKROOT = iphoneos;
				SWIFT_COMPILATION_MODE = wholemodule;
				SWIFT_OPTIMIZATION_LEVEL = "-O";
				VALIDATE_PRODUCT = YES;
			};
			name = Release;
		};
		EE467B9E23EA80C0007C9FE2 /* Debug */ = {
			isa = XCBuildConfiguration;
			buildSettings = {
				ASSETCATALOG_COMPILER_APPICON_NAME = AppIcon;
				CODE_SIGN_STYLE = Automatic;
				DEVELOPMENT_TEAM = 2PZN25HHY7;
				INFOPLIST_FILE = "";
				"INFOPLIST_FILE[sdk=*]" = GHFollowers/Support/Info.plist;
				LD_RUNPATH_SEARCH_PATHS = (
					"$(inherited)",
					"@executable_path/Frameworks",
				);
				PRODUCT_BUNDLE_IDENTIFIER = com.rjparsons.GHFollowers;
				PRODUCT_NAME = "$(TARGET_NAME)";
				SWIFT_VERSION = 5.0;
				TARGETED_DEVICE_FAMILY = "1,2";
			};
			name = Debug;
		};
		EE467B9F23EA80C0007C9FE2 /* Release */ = {
			isa = XCBuildConfiguration;
			buildSettings = {
				ASSETCATALOG_COMPILER_APPICON_NAME = AppIcon;
				CODE_SIGN_STYLE = Automatic;
				DEVELOPMENT_TEAM = 2PZN25HHY7;
				INFOPLIST_FILE = "";
				"INFOPLIST_FILE[sdk=*]" = GHFollowers/Support/Info.plist;
				LD_RUNPATH_SEARCH_PATHS = (
					"$(inherited)",
					"@executable_path/Frameworks",
				);
				PRODUCT_BUNDLE_IDENTIFIER = com.rjparsons.GHFollowers;
				PRODUCT_NAME = "$(TARGET_NAME)";
				SWIFT_VERSION = 5.0;
				TARGETED_DEVICE_FAMILY = "1,2";
			};
			name = Release;
		};
/* End XCBuildConfiguration section */

/* Begin XCConfigurationList section */
		EE467B8423EA80BD007C9FE2 /* Build configuration list for PBXProject "GHFollowers" */ = {
			isa = XCConfigurationList;
			buildConfigurations = (
				EE467B9B23EA80C0007C9FE2 /* Debug */,
				EE467B9C23EA80C0007C9FE2 /* Release */,
			);
			defaultConfigurationIsVisible = 0;
			defaultConfigurationName = Release;
		};
		EE467B9D23EA80C0007C9FE2 /* Build configuration list for PBXNativeTarget "GHFollowers" */ = {
			isa = XCConfigurationList;
			buildConfigurations = (
				EE467B9E23EA80C0007C9FE2 /* Debug */,
				EE467B9F23EA80C0007C9FE2 /* Release */,
			);
			defaultConfigurationIsVisible = 0;
			defaultConfigurationName = Release;
		};
/* End XCConfigurationList section */
	};
	rootObject = EE467B8123EA80BD007C9FE2 /* Project object */;
}
